// !$*UTF8*$!
{
	archiveVersion = 1;
	classes = {
	};
	objectVersion = 46;
	objects = {

/* Begin PBXBuildFile section */
		67C73ADD8224200EA1FA2D45 /* Pods_HelloRxSwift.framework in Frameworks */ = {isa = PBXBuildFile; fileRef = C188D65D4F039AA86D7DF910 /* Pods_HelloRxSwift.framework */; };
		840581A21AFD3D3CA84DA066 /* Pods_HelloRxSwiftTests.framework in Frameworks */ = {isa = PBXBuildFile; fileRef = EB6C3627D1EDEE6CEB18F817 /* Pods_HelloRxSwiftTests.framework */; };
		9B1E58721E45BAD700852DE7 /* AppDelegate.swift in Sources */ = {isa = PBXBuildFile; fileRef = 9B1E58711E45BAD700852DE7 /* AppDelegate.swift */; };
		9B1E58741E45BAD700852DE7 /* ViewController.swift in Sources */ = {isa = PBXBuildFile; fileRef = 9B1E58731E45BAD700852DE7 /* ViewController.swift */; };
		9B1E58771E45BAD700852DE7 /* Main.storyboard in Resources */ = {isa = PBXBuildFile; fileRef = 9B1E58751E45BAD700852DE7 /* Main.storyboard */; };
		9B1E58791E45BAD700852DE7 /* Assets.xcassets in Resources */ = {isa = PBXBuildFile; fileRef = 9B1E58781E45BAD700852DE7 /* Assets.xcassets */; };
		9B1E587C1E45BAD700852DE7 /* LaunchScreen.storyboard in Resources */ = {isa = PBXBuildFile; fileRef = 9B1E587A1E45BAD700852DE7 /* LaunchScreen.storyboard */; };
		9B1E58871E45BAD700852DE7 /* HelloRxSwiftTests.swift in Sources */ = {isa = PBXBuildFile; fileRef = 9B1E58861E45BAD700852DE7 /* HelloRxSwiftTests.swift */; };
/* End PBXBuildFile section */

/* Begin PBXContainerItemProxy section */
		9B1E58831E45BAD700852DE7 /* PBXContainerItemProxy */ = {
			isa = PBXContainerItemProxy;
			containerPortal = 9B1E58661E45BAD700852DE7 /* Project object */;
			proxyType = 1;
			remoteGlobalIDString = 9B1E586D1E45BAD700852DE7;
			remoteInfo = HelloRxSwift;
		};
/* End PBXContainerItemProxy section */

/* Begin PBXFileReference section */
		89C3C7E2F45FA87108482614 /* Pods-HelloRxSwift.release.xcconfig */ = {isa = PBXFileReference; includeInIndex = 1; lastKnownFileType = text.xcconfig; name = "Pods-HelloRxSwift.release.xcconfig"; path = "Pods/Target Support Files/Pods-HelloRxSwift/Pods-HelloRxSwift.release.xcconfig"; sourceTree = "<group>"; };
		9392F4890627D58B05DF2BBB /* Pods-HelloRxSwiftTests.release.xcconfig */ = {isa = PBXFileReference; includeInIndex = 1; lastKnownFileType = text.xcconfig; name = "Pods-HelloRxSwiftTests.release.xcconfig"; path = "Pods/Target Support Files/Pods-HelloRxSwiftTests/Pods-HelloRxSwiftTests.release.xcconfig"; sourceTree = "<group>"; };
		9B1E586E1E45BAD700852DE7 /* HelloRxSwift.app */ = {isa = PBXFileReference; explicitFileType = wrapper.application; includeInIndex = 0; path = HelloRxSwift.app; sourceTree = BUILT_PRODUCTS_DIR; };
		9B1E58711E45BAD700852DE7 /* AppDelegate.swift */ = {isa = PBXFileReference; lastKnownFileType = sourcecode.swift; path = AppDelegate.swift; sourceTree = "<group>"; };
		9B1E58731E45BAD700852DE7 /* ViewController.swift */ = {isa = PBXFileReference; lastKnownFileType = sourcecode.swift; path = ViewController.swift; sourceTree = "<group>"; };
		9B1E58761E45BAD700852DE7 /* Base */ = {isa = PBXFileReference; lastKnownFileType = file.storyboard; name = Base; path = Base.lproj/Main.storyboard; sourceTree = "<group>"; };
		9B1E58781E45BAD700852DE7 /* Assets.xcassets */ = {isa = PBXFileReference; lastKnownFileType = folder.assetcatalog; path = Assets.xcassets; sourceTree = "<group>"; };
		9B1E587B1E45BAD700852DE7 /* Base */ = {isa = PBXFileReference; lastKnownFileType = file.storyboard; name = Base; path = Base.lproj/LaunchScreen.storyboard; sourceTree = "<group>"; };
		9B1E587D1E45BAD700852DE7 /* Info.plist */ = {isa = PBXFileReference; lastKnownFileType = text.plist.xml; path = Info.plist; sourceTree = "<group>"; };
		9B1E58821E45BAD700852DE7 /* HelloRxSwiftTests.xctest */ = {isa = PBXFileReference; explicitFileType = wrapper.cfbundle; includeInIndex = 0; path = HelloRxSwiftTests.xctest; sourceTree = BUILT_PRODUCTS_DIR; };
		9B1E58861E45BAD700852DE7 /* HelloRxSwiftTests.swift */ = {isa = PBXFileReference; lastKnownFileType = sourcecode.swift; path = HelloRxSwiftTests.swift; sourceTree = "<group>"; };
		9B1E58881E45BAD700852DE7 /* Info.plist */ = {isa = PBXFileReference; lastKnownFileType = text.plist.xml; path = Info.plist; sourceTree = "<group>"; };
		B3D55F9E65A395BCEED4D347 /* Pods-HelloRxSwiftTests.debug.xcconfig */ = {isa = PBXFileReference; includeInIndex = 1; lastKnownFileType = text.xcconfig; name = "Pods-HelloRxSwiftTests.debug.xcconfig"; path = "Pods/Target Support Files/Pods-HelloRxSwiftTests/Pods-HelloRxSwiftTests.debug.xcconfig"; sourceTree = "<group>"; };
		C188D65D4F039AA86D7DF910 /* Pods_HelloRxSwift.framework */ = {isa = PBXFileReference; explicitFileType = wrapper.framework; includeInIndex = 0; path = Pods_HelloRxSwift.framework; sourceTree = BUILT_PRODUCTS_DIR; };
		EB6C3627D1EDEE6CEB18F817 /* Pods_HelloRxSwiftTests.framework */ = {isa = PBXFileReference; explicitFileType = wrapper.framework; includeInIndex = 0; path = Pods_HelloRxSwiftTests.framework; sourceTree = BUILT_PRODUCTS_DIR; };
		F60E91A4530BEE7D809671FD /* Pods-HelloRxSwift.debug.xcconfig */ = {isa = PBXFileReference; includeInIndex = 1; lastKnownFileType = text.xcconfig; name = "Pods-HelloRxSwift.debug.xcconfig"; path = "Pods/Target Support Files/Pods-HelloRxSwift/Pods-HelloRxSwift.debug.xcconfig"; sourceTree = "<group>"; };
/* End PBXFileReference section */

/* Begin PBXFrameworksBuildPhase section */
		9B1E586B1E45BAD700852DE7 /* Frameworks */ = {
			isa = PBXFrameworksBuildPhase;
			buildActionMask = 2147483647;
			files = (
				67C73ADD8224200EA1FA2D45 /* Pods_HelloRxSwift.framework in Frameworks */,
			);
			runOnlyForDeploymentPostprocessing = 0;
		};
		9B1E587F1E45BAD700852DE7 /* Frameworks */ = {
			isa = PBXFrameworksBuildPhase;
			buildActionMask = 2147483647;
			files = (
				840581A21AFD3D3CA84DA066 /* Pods_HelloRxSwiftTests.framework in Frameworks */,
			);
			runOnlyForDeploymentPostprocessing = 0;
		};
/* End PBXFrameworksBuildPhase section */

/* Begin PBXGroup section */
		9B1E58651E45BAD700852DE7 = {
			isa = PBXGroup;
			children = (
				9B1E58701E45BAD700852DE7 /* HelloRxSwift */,
				9B1E58851E45BAD700852DE7 /* HelloRxSwiftTests */,
				9B1E586F1E45BAD700852DE7 /* Products */,
				A805E301677B8369B6C95580 /* Pods */,
				BBBC9B62272F94C1BBB85515 /* Frameworks */,
			);
			sourceTree = "<group>";
		};
		9B1E586F1E45BAD700852DE7 /* Products */ = {
			isa = PBXGroup;
			children = (
				9B1E586E1E45BAD700852DE7 /* HelloRxSwift.app */,
				9B1E58821E45BAD700852DE7 /* HelloRxSwiftTests.xctest */,
			);
			name = Products;
			sourceTree = "<group>";
		};
		9B1E58701E45BAD700852DE7 /* HelloRxSwift */ = {
			isa = PBXGroup;
			children = (
				9B1E58711E45BAD700852DE7 /* AppDelegate.swift */,
				9B1E58731E45BAD700852DE7 /* ViewController.swift */,
				9B1E58751E45BAD700852DE7 /* Main.storyboard */,
				9B1E58781E45BAD700852DE7 /* Assets.xcassets */,
				9B1E587A1E45BAD700852DE7 /* LaunchScreen.storyboard */,
				9B1E587D1E45BAD700852DE7 /* Info.plist */,
			);
			path = HelloRxSwift;
			sourceTree = "<group>";
		};
		9B1E58851E45BAD700852DE7 /* HelloRxSwiftTests */ = {
			isa = PBXGroup;
			children = (
				9B1E58861E45BAD700852DE7 /* HelloRxSwiftTests.swift */,
				9B1E58881E45BAD700852DE7 /* Info.plist */,
			);
			path = HelloRxSwiftTests;
			sourceTree = "<group>";
		};
		A805E301677B8369B6C95580 /* Pods */ = {
			isa = PBXGroup;
			children = (
				F60E91A4530BEE7D809671FD /* Pods-HelloRxSwift.debug.xcconfig */,
				89C3C7E2F45FA87108482614 /* Pods-HelloRxSwift.release.xcconfig */,
				B3D55F9E65A395BCEED4D347 /* Pods-HelloRxSwiftTests.debug.xcconfig */,
				9392F4890627D58B05DF2BBB /* Pods-HelloRxSwiftTests.release.xcconfig */,
			);
			name = Pods;
			sourceTree = "<group>";
		};
		BBBC9B62272F94C1BBB85515 /* Frameworks */ = {
			isa = PBXGroup;
			children = (
				C188D65D4F039AA86D7DF910 /* Pods_HelloRxSwift.framework */,
				EB6C3627D1EDEE6CEB18F817 /* Pods_HelloRxSwiftTests.framework */,
			);
			name = Frameworks;
			sourceTree = "<group>";
		};
/* End PBXGroup section */

/* Begin PBXNativeTarget section */
		9B1E586D1E45BAD700852DE7 /* HelloRxSwift */ = {
			isa = PBXNativeTarget;
			buildConfigurationList = 9B1E588B1E45BAD700852DE7 /* Build configuration list for PBXNativeTarget "HelloRxSwift" */;
			buildPhases = (
				2A4F45B85053DB95E3134BDE /* [CP] Check Pods Manifest.lock */,
				9B1E586A1E45BAD700852DE7 /* Sources */,
				9B1E586B1E45BAD700852DE7 /* Frameworks */,
				9B1E586C1E45BAD700852DE7 /* Resources */,
				33D7E3B220018992B7A67593 /* [CP] Embed Pods Frameworks */,
				DC18FA70616840762FC3E1F8 /* [CP] Copy Pods Resources */,
			);
			buildRules = (
			);
			dependencies = (
			);
			name = HelloRxSwift;
			productName = HelloRxSwift;
			productReference = 9B1E586E1E45BAD700852DE7 /* HelloRxSwift.app */;
			productType = "com.apple.product-type.application";
		};
		9B1E58811E45BAD700852DE7 /* HelloRxSwiftTests */ = {
			isa = PBXNativeTarget;
			buildConfigurationList = 9B1E588E1E45BAD700852DE7 /* Build configuration list for PBXNativeTarget "HelloRxSwiftTests" */;
			buildPhases = (
				A4FCEE19FB35B827ED40D19D /* [CP] Check Pods Manifest.lock */,
				9B1E587E1E45BAD700852DE7 /* Sources */,
				9B1E587F1E45BAD700852DE7 /* Frameworks */,
				9B1E58801E45BAD700852DE7 /* Resources */,
				ACE20D95814673C5896421CD /* [CP] Embed Pods Frameworks */,
				D64B9BB056735F091E9CD4F3 /* [CP] Copy Pods Resources */,
			);
			buildRules = (
			);
			dependencies = (
				9B1E58841E45BAD700852DE7 /* PBXTargetDependency */,
			);
			name = HelloRxSwiftTests;
			productName = HelloRxSwiftTests;
			productReference = 9B1E58821E45BAD700852DE7 /* HelloRxSwiftTests.xctest */;
			productType = "com.apple.product-type.bundle.unit-test";
		};
/* End PBXNativeTarget section */

/* Begin PBXProject section */
		9B1E58661E45BAD700852DE7 /* Project object */ = {
			isa = PBXProject;
			attributes = {
				LastSwiftUpdateCheck = 0820;
				LastUpgradeCheck = 0820;
				ORGANIZATIONNAME = tnantoka;
				TargetAttributes = {
					9B1E586D1E45BAD700852DE7 = {
						CreatedOnToolsVersion = 8.2.1;
						ProvisioningStyle = Automatic;
					};
					9B1E58811E45BAD700852DE7 = {
						CreatedOnToolsVersion = 8.2.1;
						ProvisioningStyle = Automatic;
						TestTargetID = 9B1E586D1E45BAD700852DE7;
					};
				};
			};
			buildConfigurationList = 9B1E58691E45BAD700852DE7 /* Build configuration list for PBXProject "HelloRxSwift" */;
			compatibilityVersion = "Xcode 3.2";
			developmentRegion = English;
			hasScannedForEncodings = 0;
			knownRegions = (
				en,
				Base,
			);
			mainGroup = 9B1E58651E45BAD700852DE7;
			productRefGroup = 9B1E586F1E45BAD700852DE7 /* Products */;
			projectDirPath = "";
			projectRoot = "";
			targets = (
				9B1E586D1E45BAD700852DE7 /* HelloRxSwift */,
				9B1E58811E45BAD700852DE7 /* HelloRxSwiftTests */,
			);
		};
/* End PBXProject section */

/* Begin PBXResourcesBuildPhase section */
		9B1E586C1E45BAD700852DE7 /* Resources */ = {
			isa = PBXResourcesBuildPhase;
			buildActionMask = 2147483647;
			files = (
				9B1E587C1E45BAD700852DE7 /* LaunchScreen.storyboard in Resources */,
				9B1E58791E45BAD700852DE7 /* Assets.xcassets in Resources */,
				9B1E58771E45BAD700852DE7 /* Main.storyboard in Resources */,
			);
			runOnlyForDeploymentPostprocessing = 0;
		};
		9B1E58801E45BAD700852DE7 /* Resources */ = {
			isa = PBXResourcesBuildPhase;
			buildActionMask = 2147483647;
			files = (
			);
			runOnlyForDeploymentPostprocessing = 0;
		};
/* End PBXResourcesBuildPhase section */

/* Begin PBXShellScriptBuildPhase section */
		2A4F45B85053DB95E3134BDE /* [CP] Check Pods Manifest.lock */ = {
			isa = PBXShellScriptBuildPhase;
			buildActionMask = 2147483647;
			files = (
			);
			inputPaths = (
			);
			name = "[CP] Check Pods Manifest.lock";
			outputPaths = (
			);
			runOnlyForDeploymentPostprocessing = 0;
			shellPath = /bin/sh;
			shellScript = "diff \"${PODS_ROOT}/../Podfile.lock\" \"${PODS_ROOT}/Manifest.lock\" > /dev/null\nif [ $? != 0 ] ; then\n    # print error to STDERR\n    echo \"error: The sandbox is not in sync with the Podfile.lock. Run 'pod install' or update your CocoaPods installation.\" >&2\n    exit 1\nfi\n";
			showEnvVarsInLog = 0;
		};
		33D7E3B220018992B7A67593 /* [CP] Embed Pods Frameworks */ = {
			isa = PBXShellScriptBuildPhase;
			buildActionMask = 2147483647;
			files = (
			);
			inputPaths = (
			);
			name = "[CP] Embed Pods Frameworks";
			outputPaths = (
			);
			runOnlyForDeploymentPostprocessing = 0;
			shellPath = /bin/sh;
			shellScript = "\"${SRCROOT}/Pods/Target Support Files/Pods-HelloRxSwift/Pods-HelloRxSwift-frameworks.sh\"\n";
			showEnvVarsInLog = 0;
		};
		A4FCEE19FB35B827ED40D19D /* [CP] Check Pods Manifest.lock */ = {
			isa = PBXShellScriptBuildPhase;
			buildActionMask = 2147483647;
			files = (
			);
			inputPaths = (
			);
			name = "[CP] Check Pods Manifest.lock";
			outputPaths = (
			);
			runOnlyForDeploymentPostprocessing = 0;
			shellPath = /bin/sh;
			shellScript = "diff \"${PODS_ROOT}/../Podfile.lock\" \"${PODS_ROOT}/Manifest.lock\" > /dev/null\nif [ $? != 0 ] ; then\n    # print error to STDERR\n    echo \"error: The sandbox is not in sync with the Podfile.lock. Run 'pod install' or update your CocoaPods installation.\" >&2\n    exit 1\nfi\n";
			showEnvVarsInLog = 0;
		};
		ACE20D95814673C5896421CD /* [CP] Embed Pods Frameworks */ = {
			isa = PBXShellScriptBuildPhase;
			buildActionMask = 2147483647;
			files = (
			);
			inputPaths = (
			);
			name = "[CP] Embed Pods Frameworks";
			outputPaths = (
			);
			runOnlyForDeploymentPostprocessing = 0;
			shellPath = /bin/sh;
			shellScript = "\"${SRCROOT}/Pods/Target Support Files/Pods-HelloRxSwiftTests/Pods-HelloRxSwiftTests-frameworks.sh\"\n";
			showEnvVarsInLog = 0;
		};
		D64B9BB056735F091E9CD4F3 /* [CP] Copy Pods Resources */ = {
			isa = PBXShellScriptBuildPhase;
			buildActionMask = 2147483647;
			files = (
			);
			inputPaths = (
			);
			name = "[CP] Copy Pods Resources";
			outputPaths = (
			);
			runOnlyForDeploymentPostprocessing = 0;
			shellPath = /bin/sh;
			shellScript = "\"${SRCROOT}/Pods/Target Support Files/Pods-HelloRxSwiftTests/Pods-HelloRxSwiftTests-resources.sh\"\n";
			showEnvVarsInLog = 0;
		};
		DC18FA70616840762FC3E1F8 /* [CP] Copy Pods Resources */ = {
			isa = PBXShellScriptBuildPhase;
			buildActionMask = 2147483647;
			files = (
			);
			inputPaths = (
			);
			name = "[CP] Copy Pods Resources";
			outputPaths = (
			);
			runOnlyForDeploymentPostprocessing = 0;
			shellPath = /bin/sh;
			shellScript = "\"${SRCROOT}/Pods/Target Support Files/Pods-HelloRxSwift/Pods-HelloRxSwift-resources.sh\"\n";
			showEnvVarsInLog = 0;
		};
/* End PBXShellScriptBuildPhase section */

/* Begin PBXSourcesBuildPhase section */
		9B1E586A1E45BAD700852DE7 /* Sources */ = {
			isa = PBXSourcesBuildPhase;
			buildActionMask = 2147483647;
			files = (
				9B1E58741E45BAD700852DE7 /* ViewController.swift in Sources */,
				9B1E58721E45BAD700852DE7 /* AppDelegate.swift in Sources */,
			);
			runOnlyForDeploymentPostprocessing = 0;
		};
		9B1E587E1E45BAD700852DE7 /* Sources */ = {
			isa = PBXSourcesBuildPhase;
			buildActionMask = 2147483647;
			files = (
				9B1E58871E45BAD700852DE7 /* HelloRxSwiftTests.swift in Sources */,
			);
			runOnlyForDeploymentPostprocessing = 0;
		};
/* End PBXSourcesBuildPhase section */

/* Begin PBXTargetDependency section */
		9B1E58841E45BAD700852DE7 /* PBXTargetDependency */ = {
			isa = PBXTargetDependency;
			target = 9B1E586D1E45BAD700852DE7 /* HelloRxSwift */;
			targetProxy = 9B1E58831E45BAD700852DE7 /* PBXContainerItemProxy */;
		};
/* End PBXTargetDependency section */

/* Begin PBXVariantGroup section */
		9B1E58751E45BAD700852DE7 /* Main.storyboard */ = {
			isa = PBXVariantGroup;
			children = (
				9B1E58761E45BAD700852DE7 /* Base */,
			);
			name = Main.storyboard;
			sourceTree = "<group>";
		};
		9B1E587A1E45BAD700852DE7 /* LaunchScreen.storyboard */ = {
			isa = PBXVariantGroup;
			children = (
				9B1E587B1E45BAD700852DE7 /* Base */,
			);
			name = LaunchScreen.storyboard;
			sourceTree = "<group>";
		};
/* End PBXVariantGroup section */

/* Begin XCBuildConfiguration section */
		9B1E58891E45BAD700852DE7 /* Debug */ = {
			isa = XCBuildConfiguration;
			buildSettings = {
				ALWAYS_SEARCH_USER_PATHS = NO;
				CLANG_ANALYZER_NONNULL = YES;
				CLANG_CXX_LANGUAGE_STANDARD = "gnu++0x";
				CLANG_CXX_LIBRARY = "libc++";
				CLANG_ENABLE_MODULES = YES;
				CLANG_ENABLE_OBJC_ARC = YES;
				CLANG_WARN_BOOL_CONVERSION = YES;
				CLANG_WARN_CONSTANT_CONVERSION = YES;
				CLANG_WARN_DIRECT_OBJC_ISA_USAGE = YES_ERROR;
				CLANG_WARN_DOCUMENTATION_COMMENTS = YES;
				CLANG_WARN_EMPTY_BODY = YES;
				CLANG_WARN_ENUM_CONVERSION = YES;
				CLANG_WARN_INFINITE_RECURSION = YES;
				CLANG_WARN_INT_CONVERSION = YES;
				CLANG_WARN_OBJC_ROOT_CLASS = YES_ERROR;
				CLANG_WARN_SUSPICIOUS_MOVE = YES;
				CLANG_WARN_UNREACHABLE_CODE = YES;
				CLANG_WARN__DUPLICATE_METHOD_MATCH = YES;
				"CODE_SIGN_IDENTITY[sdk=iphoneos*]" = "iPhone Developer";
				COPY_PHASE_STRIP = NO;
				DEBUG_INFORMATION_FORMAT = dwarf;
				ENABLE_STRICT_OBJC_MSGSEND = YES;
				ENABLE_TESTABILITY = YES;
				GCC_C_LANGUAGE_STANDARD = gnu99;
				GCC_DYNAMIC_NO_PIC = NO;
				GCC_NO_COMMON_BLOCKS = YES;
				GCC_OPTIMIZATION_LEVEL = 0;
				GCC_PREPROCESSOR_DEFINITIONS = (
					"DEBUG=1",
					"$(inherited)",
				);
				GCC_WARN_64_TO_32_BIT_CONVERSION = YES;
				GCC_WARN_ABOUT_RETURN_TYPE = YES_ERROR;
				GCC_WARN_UNDECLARED_SELECTOR = YES;
				GCC_WARN_UNINITIALIZED_AUTOS = YES_AGGRESSIVE;
				GCC_WARN_UNUSED_FUNCTION = YES;
				GCC_WARN_UNUSED_VARIABLE = YES;
				IPHONEOS_DEPLOYMENT_TARGET = 10.2;
				MTL_ENABLE_DEBUG_INFO = YES;
				ONLY_ACTIVE_ARCH = YES;
				SDKROOT = iphoneos;
				SWIFT_ACTIVE_COMPILATION_CONDITIONS = DEBUG;
				SWIFT_OPTIMIZATION_LEVEL = "-Onone";
			};
			name = Debug;
		};
		9B1E588A1E45BAD700852DE7 /* Release */ = {
			isa = XCBuildConfiguration;
			buildSettings = {
				ALWAYS_SEARCH_USER_PATHS = NO;
				CLANG_ANALYZER_NONNULL = YES;
				CLANG_CXX_LANGUAGE_STANDARD = "gnu++0x";
				CLANG_CXX_LIBRARY = "libc++";
				CLANG_ENABLE_MODULES = YES;
				CLANG_ENABLE_OBJC_ARC = YES;
				CLANG_WARN_BOOL_CONVERSION = YES;
				CLANG_WARN_CONSTANT_CONVERSION = YES;
				CLANG_WARN_DIRECT_OBJC_ISA_USAGE = YES_ERROR;
				CLANG_WARN_DOCUMENTATION_COMMENTS = YES;
				CLANG_WARN_EMPTY_BODY = YES;
				CLANG_WARN_ENUM_CONVERSION = YES;
				CLANG_WARN_INFINITE_RECURSION = YES;
				CLANG_WARN_INT_CONVERSION = YES;
				CLANG_WARN_OBJC_ROOT_CLASS = YES_ERROR;
				CLANG_WARN_SUSPICIOUS_MOVE = YES;
				CLANG_WARN_UNREACHABLE_CODE = YES;
				CLANG_WARN__DUPLICATE_METHOD_MATCH = YES;
				"CODE_SIGN_IDENTITY[sdk=iphoneos*]" = "iPhone Developer";
				COPY_PHASE_STRIP = NO;
				DEBUG_INFORMATION_FORMAT = "dwarf-with-dsym";
				ENABLE_NS_ASSERTIONS = NO;
				ENABLE_STRICT_OBJC_MSGSEND = YES;
				GCC_C_LANGUAGE_STANDARD = gnu99;
				GCC_NO_COMMON_BLOCKS = YES;
				GCC_WARN_64_TO_32_BIT_CONVERSION = YES;
				GCC_WARN_ABOUT_RETURN_TYPE = YES_ERROR;
				GCC_WARN_UNDECLARED_SELECTOR = YES;
				GCC_WARN_UNINITIALIZED_AUTOS = YES_AGGRESSIVE;
				GCC_WARN_UNUSED_FUNCTION = YES;
				GCC_WARN_UNUSED_VARIABLE = YES;
				IPHONEOS_DEPLOYMENT_TARGET = 10.2;
				MTL_ENABLE_DEBUG_INFO = NO;
				SDKROOT = iphoneos;
				SWIFT_OPTIMIZATION_LEVEL = "-Owholemodule";
				VALIDATE_PRODUCT = YES;
			};
			name = Release;
		};
		9B1E588C1E45BAD700852DE7 /* Debug */ = {
			isa = XCBuildConfiguration;
			baseConfigurationReference = F60E91A4530BEE7D809671FD /* Pods-HelloRxSwift.debug.xcconfig */;
			buildSettings = {
				ALWAYS_EMBED_SWIFT_STANDARD_LIBRARIES = YES;
				ASSETCATALOG_COMPILER_APPICON_NAME = AppIcon;
				INFOPLIST_FILE = HelloRxSwift/Info.plist;
				LD_RUNPATH_SEARCH_PATHS = "$(inherited) @executable_path/Frameworks";
				PRODUCT_BUNDLE_IDENTIFIER = com.tnantoka.HelloRxSwift;
				PRODUCT_NAME = "$(TARGET_NAME)";
				SWIFT_VERSION = 3.0;
			};
			name = Debug;
		};
		9B1E588D1E45BAD700852DE7 /* Release */ = {
			isa = XCBuildConfiguration;
			baseConfigurationReference = 89C3C7E2F45FA87108482614 /* Pods-HelloRxSwift.release.xcconfig */;
			buildSettings = {
				ALWAYS_EMBED_SWIFT_STANDARD_LIBRARIES = YES;
				ASSETCATALOG_COMPILER_APPICON_NAME = AppIcon;
				INFOPLIST_FILE = HelloRxSwift/Info.plist;
				LD_RUNPATH_SEARCH_PATHS = "$(inherited) @executable_path/Frameworks";
				PRODUCT_BUNDLE_IDENTIFIER = com.tnantoka.HelloRxSwift;
				PRODUCT_NAME = "$(TARGET_NAME)";
				SWIFT_VERSION = 3.0;
			};
			name = Release;
		};
		9B1E588F1E45BAD700852DE7 /* Debug */ = {
			isa = XCBuildConfiguration;
			baseConfigurationReference = B3D55F9E65A395BCEED4D347 /* Pods-HelloRxSwiftTests.debug.xcconfig */;
			buildSettings = {
				ALWAYS_EMBED_SWIFT_STANDARD_LIBRARIES = YES;
				BUNDLE_LOADER = "$(TEST_HOST)";
				INFOPLIST_FILE = HelloRxSwiftTests/Info.plist;
				LD_RUNPATH_SEARCH_PATHS = "$(inherited) @executable_path/Frameworks @loader_path/Frameworks";
				PRODUCT_BUNDLE_IDENTIFIER = com.tnantoka.HelloRxSwiftTests;
				PRODUCT_NAME = "$(TARGET_NAME)";
				SWIFT_VERSION = 3.0;
				TEST_HOST = "$(BUILT_PRODUCTS_DIR)/HelloRxSwift.app/HelloRxSwift";
			};
			name = Debug;
		};
		9B1E58901E45BAD700852DE7 /* Release */ = {
			isa = XCBuildConfiguration;
			baseConfigurationReference = 9392F4890627D58B05DF2BBB /* Pods-HelloRxSwiftTests.release.xcconfig */;
			buildSettings = {
				ALWAYS_EMBED_SWIFT_STANDARD_LIBRARIES = YES;
				BUNDLE_LOADER = "$(TEST_HOST)";
				INFOPLIST_FILE = HelloRxSwiftTests/Info.plist;
				LD_RUNPATH_SEARCH_PATHS = "$(inherited) @executable_path/Frameworks @loader_path/Frameworks";
				PRODUCT_BUNDLE_IDENTIFIER = com.tnantoka.HelloRxSwiftTests;
				PRODUCT_NAME = "$(TARGET_NAME)";
				SWIFT_VERSION = 3.0;
				TEST_HOST = "$(BUILT_PRODUCTS_DIR)/HelloRxSwift.app/HelloRxSwift";
			};
			name = Release;
		};
/* End XCBuildConfiguration section */

/* Begin XCConfigurationList section */
		9B1E58691E45BAD700852DE7 /* Build configuration list for PBXProject "HelloRxSwift" */ = {
			isa = XCConfigurationList;
			buildConfigurations = (
				9B1E58891E45BAD700852DE7 /* Debug */,
				9B1E588A1E45BAD700852DE7 /* Release */,
			);
			defaultConfigurationIsVisible = 0;
			defaultConfigurationName = Release;
		};
		9B1E588B1E45BAD700852DE7 /* Build configuration list for PBXNativeTarget "HelloRxSwift" */ = {
			isa = XCConfigurationList;
			buildConfigurations = (
				9B1E588C1E45BAD700852DE7 /* Debug */,
				9B1E588D1E45BAD700852DE7 /* Release */,
			);
			defaultConfigurationIsVisible = 0;
			defaultConfigurationName = Release;
		};
		9B1E588E1E45BAD700852DE7 /* Build configuration list for PBXNativeTarget "HelloRxSwiftTests" */ = {
			isa = XCConfigurationList;
			buildConfigurations = (
				9B1E588F1E45BAD700852DE7 /* Debug */,
				9B1E58901E45BAD700852DE7 /* Release */,
			);
			defaultConfigurationIsVisible = 0;
			defaultConfigurationName = Release;
		};
/* End XCConfigurationList section */
	};
	rootObject = 9B1E58661E45BAD700852DE7 /* Project object */;
}
